
Microsoft Visual Studio Solution File, Format Version 12.00
# Visual Studio Version 16
VisualStudioVersion = 16.0.30611.23
MinimumVisualStudioVersion = 10.0.40219.1
Project("{FAE04EC0-301F-11D3-BF4B-00C04F79EFBC}") = "ADETQ2", "ADETQ2\ADETQ2.csproj", "{B2291F02-AA6A-42C9-9457-12EFDF3D7855}"
EndProject
Global
	GlobalSection(SolutionConfigurationPlatforms) = preSolution
		Debug|Any CPU = Debug|Any CPU
		Release|Any CPU = Release|Any CPU
	EndGlobalSection
	GlobalSection(ProjectConfigurationPlatforms) = postSolution
		{B2291F02-AA6A-42C9-9457-12EFDF3D7855}.Debug|Any CPU.ActiveCfg = Debug|Any CPU
		{B2291F02-AA6A-42C9-9457-12EFDF3D7855}.Debug|Any CPU.Build.0 = Debug|Any CPU
		{B2291F02-AA6A-42C9-9457-12EFDF3D7855}.Release|Any CPU.ActiveCfg = Release|Any CPU
		{B2291F02-AA6A-42C9-9457-12EFDF3D7855}.Release|Any CPU.Build.0 = Release|Any CPU
	EndGlobalSection
	GlobalSection(SolutionProperties) = preSolution
		HideSolutionNode = FALSE
	EndGlobalSection
	GlobalSection(ExtensibilityGlobals) = postSolution
		SolutionGuid = {A73B55F9-442D-46E5-8D59-7D353BA43315}
	EndGlobalSection
EndGlobal
